
Microsoft Visual Studio Solution File, Format Version 12.00
# Visual Studio Version 16
VisualStudioVersion = 16.0.29905.134
MinimumVisualStudioVersion = 10.0.40219.1
Project("{8BC9CEB8-8B4A-11D0-8D11-00A0C91BC942}") = "Chap1_04", "PersnalCpp\PersnalCpp.vcxproj", "{A318DD68-4E4B-497C-8680-6297B728DFDC}"
EndProject
Project("{8BC9CEB8-8B4A-11D0-8D11-00A0C91BC942}") = "Chap1_05", "Chap1_5\Chap1_5.vcxproj", "{BB79AF99-CA67-469E-BEA0-B11B12B9DA1E}"
EndProject
Project("{8BC9CEB8-8B4A-11D0-8D11-00A0C91BC942}") = "Chap1_07", "Chap1_6\Chap1_6.vcxproj", "{119E45AF-CA3C-4A45-853D-A2B47E429F45}"
EndProject
Project("{8BC9CEB8-8B4A-11D0-8D11-00A0C91BC942}") = "Chap1_11", "Chap1_11\Chap1_11.vcxproj", "{5EAC3073-F24C-41FC-BDCF-A18BC863265F}"
EndProject
Project("{8BC9CEB8-8B4A-11D0-8D11-00A0C91BC942}") = "Chap1_13", "Chap1_13\Chap1_13.vcxproj", "{E545809E-3D04-4B67-897A-4B41A3E3C066}"
EndProject
Project("{8BC9CEB8-8B4A-11D0-8D11-00A0C91BC942}") = "Chap1_14", "Chap1_14\Chap1_14.vcxproj", "{E468D86A-A9BB-410F-BD76-118B2FF03239}"
EndProject
Project("{8BC9CEB8-8B4A-11D0-8D11-00A0C91BC942}") = "Chap2_06", "Chap2_06\Chap2_06.vcxproj", "{EFAB5AD0-B46E-4618-9891-A0796A60E632}"
EndProject
Project("{8BC9CEB8-8B4A-11D0-8D11-00A0C91BC942}") = "Chap2_07", "Chap2_07\Chap2_07.vcxproj", "{31BD1C57-121D-4207-BC23-2F0C4906221E}"
EndProject
Project("{8BC9CEB8-8B4A-11D0-8D11-00A0C91BC942}") = "Chap2_09", "Chap2_09\Chap2_09.vcxproj", "{4CC2751A-60C9-4A2C-8A58-EE8F3ABC2AD5}"
EndProject
Project("{8BC9CEB8-8B4A-11D0-8D11-00A0C91BC942}") = "Chap3_05", "Chap3_05\Chap3_05.vcxproj", "{506D558D-074F-4B9B-9ED5-4AD27E85FED8}"
EndProject
Project("{8BC9CEB8-8B4A-11D0-8D11-00A0C91BC942}") = "Chap3_09", "Chap3_9\Chap3_9.vcxproj", "{AF9D20E3-E41E-4399-9E07-A20E6E51F94D}"
EndProject
Global
	GlobalSection(SolutionConfigurationPlatforms) = preSolution
		Debug|x64 = Debug|x64
		Debug|x86 = Debug|x86
		Release|x64 = Release|x64
		Release|x86 = Release|x86
	EndGlobalSection
	GlobalSection(ProjectConfigurationPlatforms) = postSolution
		{A318DD68-4E4B-497C-8680-6297B728DFDC}.Debug|x64.ActiveCfg = Debug|x64
		{A318DD68-4E4B-497C-8680-6297B728DFDC}.Debug|x64.Build.0 = Debug|x64
		{A318DD68-4E4B-497C-8680-6297B728DFDC}.Debug|x86.ActiveCfg = Debug|Win32
		{A318DD68-4E4B-497C-8680-6297B728DFDC}.Debug|x86.Build.0 = Debug|Win32
		{A318DD68-4E4B-497C-8680-6297B728DFDC}.Release|x64.ActiveCfg = Release|x64
		{A318DD68-4E4B-497C-8680-6297B728DFDC}.Release|x64.Build.0 = Release|x64
		{A318DD68-4E4B-497C-8680-6297B728DFDC}.Release|x86.ActiveCfg = Release|Win32
		{A318DD68-4E4B-497C-8680-6297B728DFDC}.Release|x86.Build.0 = Release|Win32
		{BB79AF99-CA67-469E-BEA0-B11B12B9DA1E}.Debug|x64.ActiveCfg = Debug|x64
		{BB79AF99-CA67-469E-BEA0-B11B12B9DA1E}.Debug|x64.Build.0 = Debug|x64
		{BB79AF99-CA67-469E-BEA0-B11B12B9DA1E}.Debug|x86.ActiveCfg = Debug|Win32
		{BB79AF99-CA67-469E-BEA0-B11B12B9DA1E}.Debug|x86.Build.0 = Debug|Win32
		{BB79AF99-CA67-469E-BEA0-B11B12B9DA1E}.Release|x64.ActiveCfg = Release|x64
		{BB79AF99-CA67-469E-BEA0-B11B12B9DA1E}.Release|x64.Build.0 = Release|x64
		{BB79AF99-CA67-469E-BEA0-B11B12B9DA1E}.Release|x86.ActiveCfg = Release|Win32
		{BB79AF99-CA67-469E-BEA0-B11B12B9DA1E}.Release|x86.Build.0 = Release|Win32
		{119E45AF-CA3C-4A45-853D-A2B47E429F45}.Debug|x64.ActiveCfg = Debug|x64
		{119E45AF-CA3C-4A45-853D-A2B47E429F45}.Debug|x64.Build.0 = Debug|x64
		{119E45AF-CA3C-4A45-853D-A2B47E429F45}.Debug|x86.ActiveCfg = Debug|Win32
		{119E45AF-CA3C-4A45-853D-A2B47E429F45}.Debug|x86.Build.0 = Debug|Win32
		{119E45AF-CA3C-4A45-853D-A2B47E429F45}.Release|x64.ActiveCfg = Release|x64
		{119E45AF-CA3C-4A45-853D-A2B47E429F45}.Release|x64.Build.0 = Release|x64
		{119E45AF-CA3C-4A45-853D-A2B47E429F45}.Release|x86.ActiveCfg = Release|Win32
		{119E45AF-CA3C-4A45-853D-A2B47E429F45}.Release|x86.Build.0 = Release|Win32
		{5EAC3073-F24C-41FC-BDCF-A18BC863265F}.Debug|x64.ActiveCfg = Debug|x64
		{5EAC3073-F24C-41FC-BDCF-A18BC863265F}.Debug|x64.Build.0 = Debug|x64
		{5EAC3073-F24C-41FC-BDCF-A18BC863265F}.Debug|x86.ActiveCfg = Debug|Win32
		{5EAC3073-F24C-41FC-BDCF-A18BC863265F}.Debug|x86.Build.0 = Debug|Win32
		{5EAC3073-F24C-41FC-BDCF-A18BC863265F}.Release|x64.ActiveCfg = Release|x64
		{5EAC3073-F24C-41FC-BDCF-A18BC863265F}.Release|x64.Build.0 = Release|x64
		{5EAC3073-F24C-41FC-BDCF-A18BC863265F}.Release|x86.ActiveCfg = Release|Win32
		{5EAC3073-F24C-41FC-BDCF-A18BC863265F}.Release|x86.Build.0 = Release|Win32
		{E545809E-3D04-4B67-897A-4B41A3E3C066}.Debug|x64.ActiveCfg = Debug|x64
		{E545809E-3D04-4B67-897A-4B41A3E3C066}.Debug|x64.Build.0 = Debug|x64
		{E545809E-3D04-4B67-897A-4B41A3E3C066}.Debug|x86.ActiveCfg = Debug|Win32
		{E545809E-3D04-4B67-897A-4B41A3E3C066}.Debug|x86.Build.0 = Debug|Win32
		{E545809E-3D04-4B67-897A-4B41A3E3C066}.Release|x64.ActiveCfg = Release|x64
		{E545809E-3D04-4B67-897A-4B41A3E3C066}.Release|x64.Build.0 = Release|x64
		{E545809E-3D04-4B67-897A-4B41A3E3C066}.Release|x86.ActiveCfg = Release|Win32
		{E545809E-3D04-4B67-897A-4B41A3E3C066}.Release|x86.Build.0 = Release|Win32
		{E468D86A-A9BB-410F-BD76-118B2FF03239}.Debug|x64.ActiveCfg = Debug|x64
		{E468D86A-A9BB-410F-BD76-118B2FF03239}.Debug|x64.Build.0 = Debug|x64
		{E468D86A-A9BB-410F-BD76-118B2FF03239}.Debug|x86.ActiveCfg = Debug|Win32
		{E468D86A-A9BB-410F-BD76-118B2FF03239}.Debug|x86.Build.0 = Debug|Win32
		{E468D86A-A9BB-410F-BD76-118B2FF03239}.Release|x64.ActiveCfg = Release|x64
		{E468D86A-A9BB-410F-BD76-118B2FF03239}.Release|x64.Build.0 = Release|x64
		{E468D86A-A9BB-410F-BD76-118B2FF03239}.Release|x86.ActiveCfg = Release|Win32
		{E468D86A-A9BB-410F-BD76-118B2FF03239}.Release|x86.Build.0 = Release|Win32
		{EFAB5AD0-B46E-4618-9891-A0796A60E632}.Debug|x64.ActiveCfg = Debug|x64
		{EFAB5AD0-B46E-4618-9891-A0796A60E632}.Debug|x64.Build.0 = Debug|x64
		{EFAB5AD0-B46E-4618-9891-A0796A60E632}.Debug|x86.ActiveCfg = Debug|Win32
		{EFAB5AD0-B46E-4618-9891-A0796A60E632}.Debug|x86.Build.0 = Debug|Win32
		{EFAB5AD0-B46E-4618-9891-A0796A60E632}.Release|x64.ActiveCfg = Release|x64
		{EFAB5AD0-B46E-4618-9891-A0796A60E632}.Release|x64.Build.0 = Release|x64
		{EFAB5AD0-B46E-4618-9891-A0796A60E632}.Release|x86.ActiveCfg = Release|Win32
		{EFAB5AD0-B46E-4618-9891-A0796A60E632}.Release|x86.Build.0 = Release|Win32
		{31BD1C57-121D-4207-BC23-2F0C4906221E}.Debug|x64.ActiveCfg = Debug|x64
		{31BD1C57-121D-4207-BC23-2F0C4906221E}.Debug|x64.Build.0 = Debug|x64
		{31BD1C57-121D-4207-BC23-2F0C4906221E}.Debug|x86.ActiveCfg = Debug|Win32
		{31BD1C57-121D-4207-BC23-2F0C4906221E}.Debug|x86.Build.0 = Debug|Win32
		{31BD1C57-121D-4207-BC23-2F0C4906221E}.Release|x64.ActiveCfg = Release|x64
		{31BD1C57-121D-4207-BC23-2F0C4906221E}.Release|x64.Build.0 = Release|x64
		{31BD1C57-121D-4207-BC23-2F0C4906221E}.Release|x86.ActiveCfg = Release|Win32
		{31BD1C57-121D-4207-BC23-2F0C4906221E}.Release|x86.Build.0 = Release|Win32
		{4CC2751A-60C9-4A2C-8A58-EE8F3ABC2AD5}.Debug|x64.ActiveCfg = Debug|x64
		{4CC2751A-60C9-4A2C-8A58-EE8F3ABC2AD5}.Debug|x64.Build.0 = Debug|x64
		{4CC2751A-60C9-4A2C-8A58-EE8F3ABC2AD5}.Debug|x86.ActiveCfg = Debug|Win32
		{4CC2751A-60C9-4A2C-8A58-EE8F3ABC2AD5}.Debug|x86.Build.0 = Debug|Win32
		{4CC2751A-60C9-4A2C-8A58-EE8F3ABC2AD5}.Release|x64.ActiveCfg = Release|x64
		{4CC2751A-60C9-4A2C-8A58-EE8F3ABC2AD5}.Release|x64.Build.0 = Release|x64
		{4CC2751A-60C9-4A2C-8A58-EE8F3ABC2AD5}.Release|x86.ActiveCfg = Release|Win32
		{4CC2751A-60C9-4A2C-8A58-EE8F3ABC2AD5}.Release|x86.Build.0 = Release|Win32
		{506D558D-074F-4B9B-9ED5-4AD27E85FED8}.Debug|x64.ActiveCfg = Debug|x64
		{506D558D-074F-4B9B-9ED5-4AD27E85FED8}.Debug|x64.Build.0 = Debug|x64
		{506D558D-074F-4B9B-9ED5-4AD27E85FED8}.Debug|x86.ActiveCfg = Debug|Win32
		{506D558D-074F-4B9B-9ED5-4AD27E85FED8}.Debug|x86.Build.0 = Debug|Win32
		{506D558D-074F-4B9B-9ED5-4AD27E85FED8}.Release|x64.ActiveCfg = Release|x64
		{506D558D-074F-4B9B-9ED5-4AD27E85FED8}.Release|x64.Build.0 = Release|x64
		{506D558D-074F-4B9B-9ED5-4AD27E85FED8}.Release|x86.ActiveCfg = Release|Win32
		{506D558D-074F-4B9B-9ED5-4AD27E85FED8}.Release|x86.Build.0 = Release|Win32
		{AF9D20E3-E41E-4399-9E07-A20E6E51F94D}.Debug|x64.ActiveCfg = Debug|x64
		{AF9D20E3-E41E-4399-9E07-A20E6E51F94D}.Debug|x64.Build.0 = Debug|x64
		{AF9D20E3-E41E-4399-9E07-A20E6E51F94D}.Debug|x86.ActiveCfg = Debug|Win32
		{AF9D20E3-E41E-4399-9E07-A20E6E51F94D}.Debug|x86.Build.0 = Debug|Win32
		{AF9D20E3-E41E-4399-9E07-A20E6E51F94D}.Release|x64.ActiveCfg = Release|x64
		{AF9D20E3-E41E-4399-9E07-A20E6E51F94D}.Release|x64.Build.0 = Release|x64
		{AF9D20E3-E41E-4399-9E07-A20E6E51F94D}.Release|x86.ActiveCfg = Release|Win32
		{AF9D20E3-E41E-4399-9E07-A20E6E51F94D}.Release|x86.Build.0 = Release|Win32
	EndGlobalSection
	GlobalSection(SolutionProperties) = preSolution
		HideSolutionNode = FALSE
	EndGlobalSection
	GlobalSection(ExtensibilityGlobals) = postSolution
		SolutionGuid = {46A80550-5DB3-458B-8492-D609ED1D9187}
	EndGlobalSection
EndGlobal
