
Microsoft Visual Studio Solution File, Format Version 12.00
# Visual Studio Version 16
VisualStudioVersion = 16.0.29905.134
MinimumVisualStudioVersion = 10.0.40219.1
Project("{8BC9CEB8-8B4A-11D0-8D11-00A0C91BC942}") = "Chap1_04", "PersnalCpp\PersnalCpp.vcxproj", "{A318DD68-4E4B-497C-8680-6297B728DFDC}"
EndProject
Project("{8BC9CEB8-8B4A-11D0-8D11-00A0C91BC942}") = "Chap1_05", "Chap1_5\Chap1_5.vcxproj", "{BB79AF99-CA67-469E-BEA0-B11B12B9DA1E}"
EndProject
Project("{8BC9CEB8-8B4A-11D0-8D11-00A0C91BC942}") = "Chap1_07", "Chap1_6\Chap1_6.vcxproj", "{119E45AF-CA3C-4A45-853D-A2B47E429F45}"
EndProject
Project("{8BC9CEB8-8B4A-11D0-8D11-00A0C91BC942}") = "Chap1_11", "Chap1_11\Chap1_11.vcxproj", "{5EAC3073-F24C-41FC-BDCF-A18BC863265F}"
EndProject
Project("{8BC9CEB8-8B4A-11D0-8D11-00A0C91BC942}") = "Chap1_13", "Chap1_13\Chap1_13.vcxproj", "{E545809E-3D04-4B67-897A-4B41A3E3C066}"
EndProject
Project("{8BC9CEB8-8B4A-11D0-8D11-00A0C91BC942}") = "Chap1_14", "Chap1_14\Chap1_14.vcxproj", "{E468D86A-A9BB-410F-BD76-118B2FF03239}"
EndProject
Global
	GlobalSection(SolutionConfigurationPlatforms) = preSolution
		Debug|x64 = Debug|x64
		Debug|x86 = Debug|x86
		Release|x64 = Release|x64
		Release|x86 = Release|x86
	EndGlobalSection
	GlobalSection(ProjectConfigurationPlatforms) = postSolution
		{A318DD68-4E4B-497C-8680-6297B728DFDC}.Debug|x64.ActiveCfg = Debug|x64
		{A318DD68-4E4B-497C-8680-6297B728DFDC}.Debug|x64.Build.0 = Debug|x64
		{A318DD68-4E4B-497C-8680-6297B728DFDC}.Debug|x86.ActiveCfg = Debug|Win32
		{A318DD68-4E4B-497C-8680-6297B728DFDC}.Debug|x86.Build.0 = Debug|Win32
		{A318DD68-4E4B-497C-8680-6297B728DFDC}.Release|x64.ActiveCfg = Release|x64
		{A318DD68-4E4B-497C-8680-6297B728DFDC}.Release|x64.Build.0 = Release|x64
		{A318DD68-4E4B-497C-8680-6297B728DFDC}.Release|x86.ActiveCfg = Release|Win32
		{A318DD68-4E4B-497C-8680-6297B728DFDC}.Release|x86.Build.0 = Release|Win32
		{BB79AF99-CA67-469E-BEA0-B11B12B9DA1E}.Debug|x64.ActiveCfg = Debug|x64
		{BB79AF99-CA67-469E-BEA0-B11B12B9DA1E}.Debug|x64.Build.0 = Debug|x64
		{BB79AF99-CA67-469E-BEA0-B11B12B9DA1E}.Debug|x86.ActiveCfg = Debug|Win32
		{BB79AF99-CA67-469E-BEA0-B11B12B9DA1E}.Debug|x86.Build.0 = Debug|Win32
		{BB79AF99-CA67-469E-BEA0-B11B12B9DA1E}.Release|x64.ActiveCfg = Release|x64
		{BB79AF99-CA67-469E-BEA0-B11B12B9DA1E}.Release|x64.Build.0 = Release|x64
		{BB79AF99-CA67-469E-BEA0-B11B12B9DA1E}.Release|x86.ActiveCfg = Release|Win32
		{BB79AF99-CA67-469E-BEA0-B11B12B9DA1E}.Release|x86.Build.0 = Release|Win32
		{119E45AF-CA3C-4A45-853D-A2B47E429F45}.Debug|x64.ActiveCfg = Debug|x64
		{119E45AF-CA3C-4A45-853D-A2B47E429F45}.Debug|x64.Build.0 = Debug|x64
		{119E45AF-CA3C-4A45-853D-A2B47E429F45}.Debug|x86.ActiveCfg = Debug|Win32
		{119E45AF-CA3C-4A45-853D-A2B47E429F45}.Debug|x86.Build.0 = Debug|Win32
		{119E45AF-CA3C-4A45-853D-A2B47E429F45}.Release|x64.ActiveCfg = Release|x64
		{119E45AF-CA3C-4A45-853D-A2B47E429F45}.Release|x64.Build.0 = Release|x64
		{119E45AF-CA3C-4A45-853D-A2B47E429F45}.Release|x86.ActiveCfg = Release|Win32
		{119E45AF-CA3C-4A45-853D-A2B47E429F45}.Release|x86.Build.0 = Release|Win32
		{5EAC3073-F24C-41FC-BDCF-A18BC863265F}.Debug|x64.ActiveCfg = Debug|x64
		{5EAC3073-F24C-41FC-BDCF-A18BC863265F}.Debug|x64.Build.0 = Debug|x64
		{5EAC3073-F24C-41FC-BDCF-A18BC863265F}.Debug|x86.ActiveCfg = Debug|Win32
		{5EAC3073-F24C-41FC-BDCF-A18BC863265F}.Debug|x86.Build.0 = Debug|Win32
		{5EAC3073-F24C-41FC-BDCF-A18BC863265F}.Release|x64.ActiveCfg = Release|x64
		{5EAC3073-F24C-41FC-BDCF-A18BC863265F}.Release|x64.Build.0 = Release|x64
		{5EAC3073-F24C-41FC-BDCF-A18BC863265F}.Release|x86.ActiveCfg = Release|Win32
		{5EAC3073-F24C-41FC-BDCF-A18BC863265F}.Release|x86.Build.0 = Release|Win32
		{E545809E-3D04-4B67-897A-4B41A3E3C066}.Debug|x64.ActiveCfg = Debug|x64
		{E545809E-3D04-4B67-897A-4B41A3E3C066}.Debug|x64.Build.0 = Debug|x64
		{E545809E-3D04-4B67-897A-4B41A3E3C066}.Debug|x86.ActiveCfg = Debug|Win32
		{E545809E-3D04-4B67-897A-4B41A3E3C066}.Debug|x86.Build.0 = Debug|Win32
		{E545809E-3D04-4B67-897A-4B41A3E3C066}.Release|x64.ActiveCfg = Release|x64
		{E545809E-3D04-4B67-897A-4B41A3E3C066}.Release|x64.Build.0 = Release|x64
		{E545809E-3D04-4B67-897A-4B41A3E3C066}.Release|x86.ActiveCfg = Release|Win32
		{E545809E-3D04-4B67-897A-4B41A3E3C066}.Release|x86.Build.0 = Release|Win32
		{E468D86A-A9BB-410F-BD76-118B2FF03239}.Debug|x64.ActiveCfg = Debug|x64
		{E468D86A-A9BB-410F-BD76-118B2FF03239}.Debug|x64.Build.0 = Debug|x64
		{E468D86A-A9BB-410F-BD76-118B2FF03239}.Debug|x86.ActiveCfg = Debug|Win32
		{E468D86A-A9BB-410F-BD76-118B2FF03239}.Debug|x86.Build.0 = Debug|Win32
		{E468D86A-A9BB-410F-BD76-118B2FF03239}.Release|x64.ActiveCfg = Release|x64
		{E468D86A-A9BB-410F-BD76-118B2FF03239}.Release|x64.Build.0 = Release|x64
		{E468D86A-A9BB-410F-BD76-118B2FF03239}.Release|x86.ActiveCfg = Release|Win32
		{E468D86A-A9BB-410F-BD76-118B2FF03239}.Release|x86.Build.0 = Release|Win32
	EndGlobalSection
	GlobalSection(SolutionProperties) = preSolution
		HideSolutionNode = FALSE
	EndGlobalSection
	GlobalSection(ExtensibilityGlobals) = postSolution
		SolutionGuid = {46A80550-5DB3-458B-8492-D609ED1D9187}
	EndGlobalSection
EndGlobal
