
Microsoft Visual Studio Solution File, Format Version 12.00
# Visual Studio Version 16
VisualStudioVersion = 16.0.29905.134
MinimumVisualStudioVersion = 10.0.40219.1
Project("{8BC9CEB8-8B4A-11D0-8D11-00A0C91BC942}") = "Chap02App", "Chap02App\Chap02App.vcxproj", "{BFC8CA52-50C5-41B0-9CEB-AD1A98E9ABDD}"
EndProject
Project("{8BC9CEB8-8B4A-11D0-8D11-00A0C91BC942}") = "Chap03App", "Charp03App\Charp03App.vcxproj", "{5D2E267B-D9FB-457F-9808-4417B5CCBC1E}"
EndProject
Project("{8BC9CEB8-8B4A-11D0-8D11-00A0C91BC942}") = "Chap04App", "Chap04App\Chap04App.vcxproj", "{9E5CC0C6-CC7D-4EBF-8D08-D0B86D733F29}"
EndProject
Global
	GlobalSection(SolutionConfigurationPlatforms) = preSolution
		Debug|x64 = Debug|x64
		Debug|x86 = Debug|x86
		Release|x64 = Release|x64
		Release|x86 = Release|x86
	EndGlobalSection
	GlobalSection(ProjectConfigurationPlatforms) = postSolution
		{BFC8CA52-50C5-41B0-9CEB-AD1A98E9ABDD}.Debug|x64.ActiveCfg = Debug|x64
		{BFC8CA52-50C5-41B0-9CEB-AD1A98E9ABDD}.Debug|x64.Build.0 = Debug|x64
		{BFC8CA52-50C5-41B0-9CEB-AD1A98E9ABDD}.Debug|x86.ActiveCfg = Debug|Win32
		{BFC8CA52-50C5-41B0-9CEB-AD1A98E9ABDD}.Debug|x86.Build.0 = Debug|Win32
		{BFC8CA52-50C5-41B0-9CEB-AD1A98E9ABDD}.Release|x64.ActiveCfg = Release|x64
		{BFC8CA52-50C5-41B0-9CEB-AD1A98E9ABDD}.Release|x64.Build.0 = Release|x64
		{BFC8CA52-50C5-41B0-9CEB-AD1A98E9ABDD}.Release|x86.ActiveCfg = Release|Win32
		{BFC8CA52-50C5-41B0-9CEB-AD1A98E9ABDD}.Release|x86.Build.0 = Release|Win32
		{5D2E267B-D9FB-457F-9808-4417B5CCBC1E}.Debug|x64.ActiveCfg = Debug|x64
		{5D2E267B-D9FB-457F-9808-4417B5CCBC1E}.Debug|x64.Build.0 = Debug|x64
		{5D2E267B-D9FB-457F-9808-4417B5CCBC1E}.Debug|x86.ActiveCfg = Debug|Win32
		{5D2E267B-D9FB-457F-9808-4417B5CCBC1E}.Debug|x86.Build.0 = Debug|Win32
		{5D2E267B-D9FB-457F-9808-4417B5CCBC1E}.Release|x64.ActiveCfg = Release|x64
		{5D2E267B-D9FB-457F-9808-4417B5CCBC1E}.Release|x64.Build.0 = Release|x64
		{5D2E267B-D9FB-457F-9808-4417B5CCBC1E}.Release|x86.ActiveCfg = Release|Win32
		{5D2E267B-D9FB-457F-9808-4417B5CCBC1E}.Release|x86.Build.0 = Release|Win32
		{9E5CC0C6-CC7D-4EBF-8D08-D0B86D733F29}.Debug|x64.ActiveCfg = Debug|x64
		{9E5CC0C6-CC7D-4EBF-8D08-D0B86D733F29}.Debug|x64.Build.0 = Debug|x64
		{9E5CC0C6-CC7D-4EBF-8D08-D0B86D733F29}.Debug|x86.ActiveCfg = Debug|Win32
		{9E5CC0C6-CC7D-4EBF-8D08-D0B86D733F29}.Debug|x86.Build.0 = Debug|Win32
		{9E5CC0C6-CC7D-4EBF-8D08-D0B86D733F29}.Release|x64.ActiveCfg = Release|x64
		{9E5CC0C6-CC7D-4EBF-8D08-D0B86D733F29}.Release|x64.Build.0 = Release|x64
		{9E5CC0C6-CC7D-4EBF-8D08-D0B86D733F29}.Release|x86.ActiveCfg = Release|Win32
		{9E5CC0C6-CC7D-4EBF-8D08-D0B86D733F29}.Release|x86.Build.0 = Release|Win32
	EndGlobalSection
	GlobalSection(SolutionProperties) = preSolution
		HideSolutionNode = FALSE
	EndGlobalSection
	GlobalSection(ExtensibilityGlobals) = postSolution
		SolutionGuid = {780030E9-6063-4D0B-9CEC-EBF3EE940F30}
	EndGlobalSection
EndGlobal
